
Microsoft Visual Studio Solution File, Format Version 12.00
# Visual Studio 15
VisualStudioVersion = 15.0.27130.2010
MinimumVisualStudioVersion = 10.0.40219.1
Project("{FAE04EC0-301F-11D3-BF4B-00C04F79EFBC}") = "GestionCentreFormation_IHM", "GestionCentreFormation_IHM\GestionCentreFormation_IHM.csproj", "{2044347F-1034-4410-A78A-C4BEBAB5C22A}"
EndProject
Project("{FAE04EC0-301F-11D3-BF4B-00C04F79EFBC}") = "GestionCentreFormation_IHM.Tests", "GestionCentreFormation_IHM.Tests\GestionCentreFormation_IHM.Tests.csproj", "{5756CE8D-9DDE-4013-A80D-8462CAB55EAD}"
EndProject
Project("{FAE04EC0-301F-11D3-BF4B-00C04F79EFBC}") = "GestionCentreFormation_Metier", "GestionCentreFormation_Metier\GestionCentreFormation_Metier.csproj", "{185611CD-099F-404C-9F53-D5B03F0EABBE}"
EndProject
Global
	GlobalSection(SolutionConfigurationPlatforms) = preSolution
		Debug|Any CPU = Debug|Any CPU
		Release|Any CPU = Release|Any CPU
	EndGlobalSection
	GlobalSection(ProjectConfigurationPlatforms) = postSolution
		{2044347F-1034-4410-A78A-C4BEBAB5C22A}.Debug|Any CPU.ActiveCfg = Debug|Any CPU
		{2044347F-1034-4410-A78A-C4BEBAB5C22A}.Debug|Any CPU.Build.0 = Debug|Any CPU
		{2044347F-1034-4410-A78A-C4BEBAB5C22A}.Release|Any CPU.ActiveCfg = Release|Any CPU
		{2044347F-1034-4410-A78A-C4BEBAB5C22A}.Release|Any CPU.Build.0 = Release|Any CPU
		{5756CE8D-9DDE-4013-A80D-8462CAB55EAD}.Debug|Any CPU.ActiveCfg = Debug|Any CPU
		{5756CE8D-9DDE-4013-A80D-8462CAB55EAD}.Debug|Any CPU.Build.0 = Debug|Any CPU
		{5756CE8D-9DDE-4013-A80D-8462CAB55EAD}.Release|Any CPU.ActiveCfg = Release|Any CPU
		{5756CE8D-9DDE-4013-A80D-8462CAB55EAD}.Release|Any CPU.Build.0 = Release|Any CPU
		{185611CD-099F-404C-9F53-D5B03F0EABBE}.Debug|Any CPU.ActiveCfg = Debug|Any CPU
		{185611CD-099F-404C-9F53-D5B03F0EABBE}.Debug|Any CPU.Build.0 = Debug|Any CPU
		{185611CD-099F-404C-9F53-D5B03F0EABBE}.Release|Any CPU.ActiveCfg = Release|Any CPU
		{185611CD-099F-404C-9F53-D5B03F0EABBE}.Release|Any CPU.Build.0 = Release|Any CPU
	EndGlobalSection
	GlobalSection(SolutionProperties) = preSolution
		HideSolutionNode = FALSE
	EndGlobalSection
	GlobalSection(ExtensibilityGlobals) = postSolution
		SolutionGuid = {13BC7722-49F5-4E8D-9A46-ABEB08EC6446}
	EndGlobalSection
EndGlobal
